// !$*UTF8*$!
{
	archiveVersion = 1;
	classes = {
	};
	objectVersion = 48;
	objects = {

/* Begin PBXBuildFile section */
		A6883F791F465C3A00BF3ADE /* AppDelegate.swift in Sources */ = {isa = PBXBuildFile; fileRef = A6883F781F465C3A00BF3ADE /* AppDelegate.swift */; };
		A6883F7B1F465C3A00BF3ADE /* ViewController.swift in Sources */ = {isa = PBXBuildFile; fileRef = A6883F7A1F465C3A00BF3ADE /* ViewController.swift */; };
		A6883F7E1F465C3A00BF3ADE /* Main.storyboard in Resources */ = {isa = PBXBuildFile; fileRef = A6883F7C1F465C3A00BF3ADE /* Main.storyboard */; };
		A6883F801F465C3A00BF3ADE /* Assets.xcassets in Resources */ = {isa = PBXBuildFile; fileRef = A6883F7F1F465C3A00BF3ADE /* Assets.xcassets */; };
		A6883F831F465C3A00BF3ADE /* LaunchScreen.storyboard in Resources */ = {isa = PBXBuildFile; fileRef = A6883F811F465C3A00BF3ADE /* LaunchScreen.storyboard */; };
		A6883F901F465CED00BF3ADE /* PagedFlowLayout.swift in Sources */ = {isa = PBXBuildFile; fileRef = A6883F8F1F465CED00BF3ADE /* PagedFlowLayout.swift */; };
/* End PBXBuildFile section */

/* Begin PBXFileReference section */
		A6883F751F465C3A00BF3ADE /* PagedHorizontalCollectionViewExample.app */ = {isa = PBXFileReference; explicitFileType = wrapper.application; includeInIndex = 0; path = PagedHorizontalCollectionViewExample.app; sourceTree = BUILT_PRODUCTS_DIR; };
		A6883F781F465C3A00BF3ADE /* AppDelegate.swift */ = {isa = PBXFileReference; lastKnownFileType = sourcecode.swift; path = AppDelegate.swift; sourceTree = "<group>"; };
		A6883F7A1F465C3A00BF3ADE /* ViewController.swift */ = {isa = PBXFileReference; lastKnownFileType = sourcecode.swift; path = ViewController.swift; sourceTree = "<group>"; };
		A6883F7D1F465C3A00BF3ADE /* Base */ = {isa = PBXFileReference; lastKnownFileType = file.storyboard; name = Base; path = Base.lproj/Main.storyboard; sourceTree = "<group>"; };
		A6883F7F1F465C3A00BF3ADE /* Assets.xcassets */ = {isa = PBXFileReference; lastKnownFileType = folder.assetcatalog; path = Assets.xcassets; sourceTree = "<group>"; };
		A6883F821F465C3A00BF3ADE /* Base */ = {isa = PBXFileReference; lastKnownFileType = file.storyboard; name = Base; path = Base.lproj/LaunchScreen.storyboard; sourceTree = "<group>"; };
		A6883F841F465C3A00BF3ADE /* Info.plist */ = {isa = PBXFileReference; lastKnownFileType = text.plist.xml; path = Info.plist; sourceTree = "<group>"; };
		A6883F8F1F465CED00BF3ADE /* PagedFlowLayout.swift */ = {isa = PBXFileReference; lastKnownFileType = sourcecode.swift; name = PagedFlowLayout.swift; path = ../../../../Sources/PagedFlowLayout.swift; sourceTree = "<group>"; };
/* End PBXFileReference section */

/* Begin PBXFrameworksBuildPhase section */
		A6883F721F465C3A00BF3ADE /* Frameworks */ = {
			isa = PBXFrameworksBuildPhase;
			buildActionMask = 2147483647;
			files = (
			);
			runOnlyForDeploymentPostprocessing = 0;
		};
/* End PBXFrameworksBuildPhase section */

/* Begin PBXGroup section */
		A6883F6C1F465C3A00BF3ADE = {
			isa = PBXGroup;
			children = (
				A6883F771F465C3A00BF3ADE /* PagedHorizontalCollectionViewExample */,
				A6883F761F465C3A00BF3ADE /* Products */,
			);
			sourceTree = "<group>";
		};
		A6883F761F465C3A00BF3ADE /* Products */ = {
			isa = PBXGroup;
			children = (
				A6883F751F465C3A00BF3ADE /* PagedHorizontalCollectionViewExample.app */,
			);
			name = Products;
			sourceTree = "<group>";
		};
		A6883F771F465C3A00BF3ADE /* PagedHorizontalCollectionViewExample */ = {
			isa = PBXGroup;
			children = (
				A6883F841F465C3A00BF3ADE /* Info.plist */,
				A6883F7F1F465C3A00BF3ADE /* Assets.xcassets */,
				A6883F8D1F465C6500BF3ADE /* Sources */,
				A6883F8E1F465C6F00BF3ADE /* Storyboards */,
			);
			path = PagedHorizontalCollectionViewExample;
			sourceTree = "<group>";
		};
		A6883F8D1F465C6500BF3ADE /* Sources */ = {
			isa = PBXGroup;
			children = (
				A6883F8F1F465CED00BF3ADE /* PagedFlowLayout.swift */,
				A6883F781F465C3A00BF3ADE /* AppDelegate.swift */,
				A6883F7A1F465C3A00BF3ADE /* ViewController.swift */,
			);
			path = Sources;
			sourceTree = "<group>";
		};
		A6883F8E1F465C6F00BF3ADE /* Storyboards */ = {
			isa = PBXGroup;
			children = (
				A6883F7C1F465C3A00BF3ADE /* Main.storyboard */,
				A6883F811F465C3A00BF3ADE /* LaunchScreen.storyboard */,
			);
			path = Storyboards;
			sourceTree = "<group>";
		};
/* End PBXGroup section */

/* Begin PBXNativeTarget section */
		A6883F741F465C3A00BF3ADE /* PagedHorizontalCollectionViewExample */ = {
			isa = PBXNativeTarget;
			buildConfigurationList = A6883F871F465C3A00BF3ADE /* Build configuration list for PBXNativeTarget "PagedHorizontalCollectionViewExample" */;
			buildPhases = (
				A6883F711F465C3A00BF3ADE /* Sources */,
				A6883F721F465C3A00BF3ADE /* Frameworks */,
				A6883F731F465C3A00BF3ADE /* Resources */,
			);
			buildRules = (
			);
			dependencies = (
			);
			name = PagedHorizontalCollectionViewExample;
			productName = PagedHorizontalCollectionViewExample;
			productReference = A6883F751F465C3A00BF3ADE /* PagedHorizontalCollectionViewExample.app */;
			productType = "com.apple.product-type.application";
		};
/* End PBXNativeTarget section */

/* Begin PBXProject section */
		A6883F6D1F465C3A00BF3ADE /* Project object */ = {
			isa = PBXProject;
			attributes = {
				LastSwiftUpdateCheck = 0900;
				LastUpgradeCheck = 0900;
				ORGANIZATIONNAME = "Kirill Khlopko";
				TargetAttributes = {
					A6883F741F465C3A00BF3ADE = {
						CreatedOnToolsVersion = 9.0;
					};
				};
			};
			buildConfigurationList = A6883F701F465C3A00BF3ADE /* Build configuration list for PBXProject "PagedHorizontalCollectionViewExample" */;
			compatibilityVersion = "Xcode 8.0";
			developmentRegion = en;
			hasScannedForEncodings = 0;
			knownRegions = (
				en,
				Base,
			);
			mainGroup = A6883F6C1F465C3A00BF3ADE;
			productRefGroup = A6883F761F465C3A00BF3ADE /* Products */;
			projectDirPath = "";
			projectRoot = "";
			targets = (
				A6883F741F465C3A00BF3ADE /* PagedHorizontalCollectionViewExample */,
			);
		};
/* End PBXProject section */

/* Begin PBXResourcesBuildPhase section */
		A6883F731F465C3A00BF3ADE /* Resources */ = {
			isa = PBXResourcesBuildPhase;
			buildActionMask = 2147483647;
			files = (
				A6883F831F465C3A00BF3ADE /* LaunchScreen.storyboard in Resources */,
				A6883F801F465C3A00BF3ADE /* Assets.xcassets in Resources */,
				A6883F7E1F465C3A00BF3ADE /* Main.storyboard in Resources */,
			);
			runOnlyForDeploymentPostprocessing = 0;
		};
/* End PBXResourcesBuildPhase section */

/* Begin PBXSourcesBuildPhase section */
		A6883F711F465C3A00BF3ADE /* Sources */ = {
			isa = PBXSourcesBuildPhase;
			buildActionMask = 2147483647;
			files = (
				A6883F7B1F465C3A00BF3ADE /* ViewController.swift in Sources */,
				A6883F901F465CED00BF3ADE /* PagedFlowLayout.swift in Sources */,
				A6883F791F465C3A00BF3ADE /* AppDelegate.swift in Sources */,
			);
			runOnlyForDeploymentPostprocessing = 0;
		};
/* End PBXSourcesBuildPhase section */

/* Begin PBXVariantGroup section */
		A6883F7C1F465C3A00BF3ADE /* Main.storyboard */ = {
			isa = PBXVariantGroup;
			children = (
				A6883F7D1F465C3A00BF3ADE /* Base */,
			);
			name = Main.storyboard;
			sourceTree = "<group>";
		};
		A6883F811F465C3A00BF3ADE /* LaunchScreen.storyboard */ = {
			isa = PBXVariantGroup;
			children = (
				A6883F821F465C3A00BF3ADE /* Base */,
			);
			name = LaunchScreen.storyboard;
			sourceTree = "<group>";
		};
/* End PBXVariantGroup section */

/* Begin XCBuildConfiguration section */
		A6883F851F465C3A00BF3ADE /* Debug */ = {
			isa = XCBuildConfiguration;
			buildSettings = {
				ALWAYS_SEARCH_USER_PATHS = NO;
				CLANG_ANALYZER_NONNULL = YES;
				CLANG_ANALYZER_NUMBER_OBJECT_CONVERSION = YES_AGGRESSIVE;
				CLANG_CXX_LANGUAGE_STANDARD = "gnu++14";
				CLANG_CXX_LIBRARY = "libc++";
				CLANG_ENABLE_MODULES = YES;
				CLANG_ENABLE_OBJC_ARC = YES;
				CLANG_WARN_BLOCK_CAPTURE_AUTORELEASING = YES;
				CLANG_WARN_BOOL_CONVERSION = YES;
				CLANG_WARN_COMMA = YES;
				CLANG_WARN_CONSTANT_CONVERSION = YES;
				CLANG_WARN_DIRECT_OBJC_ISA_USAGE = YES_ERROR;
				CLANG_WARN_DOCUMENTATION_COMMENTS = YES;
				CLANG_WARN_EMPTY_BODY = YES;
				CLANG_WARN_ENUM_CONVERSION = YES;
				CLANG_WARN_INFINITE_RECURSION = YES;
				CLANG_WARN_INT_CONVERSION = YES;
				CLANG_WARN_NON_LITERAL_NULL_CONVERSION = YES;
				CLANG_WARN_OBJC_LITERAL_CONVERSION = YES;
				CLANG_WARN_OBJC_ROOT_CLASS = YES_ERROR;
				CLANG_WARN_RANGE_LOOP_ANALYSIS = YES;
				CLANG_WARN_STRICT_PROTOTYPES = YES;
				CLANG_WARN_SUSPICIOUS_MOVE = YES;
				CLANG_WARN_UNGUARDED_AVAILABILITY = YES_AGGRESSIVE;
				CLANG_WARN_UNREACHABLE_CODE = YES;
				CLANG_WARN__DUPLICATE_METHOD_MATCH = YES;
				CODE_SIGN_IDENTITY = "iPhone Developer";
				COPY_PHASE_STRIP = NO;
				DEBUG_INFORMATION_FORMAT = dwarf;
				ENABLE_STRICT_OBJC_MSGSEND = YES;
				ENABLE_TESTABILITY = YES;
				GCC_C_LANGUAGE_STANDARD = gnu11;
				GCC_DYNAMIC_NO_PIC = NO;
				GCC_NO_COMMON_BLOCKS = YES;
				GCC_OPTIMIZATION_LEVEL = 0;
				GCC_PREPROCESSOR_DEFINITIONS = (
					"DEBUG=1",
					"$(inherited)",
				);
				GCC_WARN_64_TO_32_BIT_CONVERSION = YES;
				GCC_WARN_ABOUT_RETURN_TYPE = YES_ERROR;
				GCC_WARN_UNDECLARED_SELECTOR = YES;
				GCC_WARN_UNINITIALIZED_AUTOS = YES_AGGRESSIVE;
				GCC_WARN_UNUSED_FUNCTION = YES;
				GCC_WARN_UNUSED_VARIABLE = YES;
				IPHONEOS_DEPLOYMENT_TARGET = 11.0;
				MTL_ENABLE_DEBUG_INFO = YES;
				ONLY_ACTIVE_ARCH = YES;
				SDKROOT = iphoneos;
				SWIFT_ACTIVE_COMPILATION_CONDITIONS = DEBUG;
				SWIFT_OPTIMIZATION_LEVEL = "-Onone";
				SWIFT_VERSION = 3.0;
			};
			name = Debug;
		};
		A6883F861F465C3A00BF3ADE /* Release */ = {
			isa = XCBuildConfiguration;
			buildSettings = {
				ALWAYS_SEARCH_USER_PATHS = NO;
				CLANG_ANALYZER_NONNULL = YES;
				CLANG_ANALYZER_NUMBER_OBJECT_CONVERSION = YES_AGGRESSIVE;
				CLANG_CXX_LANGUAGE_STANDARD = "gnu++14";
				CLANG_CXX_LIBRARY = "libc++";
				CLANG_ENABLE_MODULES = YES;
				CLANG_ENABLE_OBJC_ARC = YES;
				CLANG_WARN_BLOCK_CAPTURE_AUTORELEASING = YES;
				CLANG_WARN_BOOL_CONVERSION = YES;
				CLANG_WARN_COMMA = YES;
				CLANG_WARN_CONSTANT_CONVERSION = YES;
				CLANG_WARN_DIRECT_OBJC_ISA_USAGE = YES_ERROR;
				CLANG_WARN_DOCUMENTATION_COMMENTS = YES;
				CLANG_WARN_EMPTY_BODY = YES;
				CLANG_WARN_ENUM_CONVERSION = YES;
				CLANG_WARN_INFINITE_RECURSION = YES;
				CLANG_WARN_INT_CONVERSION = YES;
				CLANG_WARN_NON_LITERAL_NULL_CONVERSION = YES;
				CLANG_WARN_OBJC_LITERAL_CONVERSION = YES;
				CLANG_WARN_OBJC_ROOT_CLASS = YES_ERROR;
				CLANG_WARN_RANGE_LOOP_ANALYSIS = YES;
				CLANG_WARN_STRICT_PROTOTYPES = YES;
				CLANG_WARN_SUSPICIOUS_MOVE = YES;
				CLANG_WARN_UNGUARDED_AVAILABILITY = YES_AGGRESSIVE;
				CLANG_WARN_UNREACHABLE_CODE = YES;
				CLANG_WARN__DUPLICATE_METHOD_MATCH = YES;
				CODE_SIGN_IDENTITY = "iPhone Developer";
				COPY_PHASE_STRIP = NO;
				DEBUG_INFORMATION_FORMAT = "dwarf-with-dsym";
				ENABLE_NS_ASSERTIONS = NO;
				ENABLE_STRICT_OBJC_MSGSEND = YES;
				GCC_C_LANGUAGE_STANDARD = gnu11;
				GCC_NO_COMMON_BLOCKS = YES;
				GCC_WARN_64_TO_32_BIT_CONVERSION = YES;
				GCC_WARN_ABOUT_RETURN_TYPE = YES_ERROR;
				GCC_WARN_UNDECLARED_SELECTOR = YES;
				GCC_WARN_UNINITIALIZED_AUTOS = YES_AGGRESSIVE;
				GCC_WARN_UNUSED_FUNCTION = YES;
				GCC_WARN_UNUSED_VARIABLE = YES;
				IPHONEOS_DEPLOYMENT_TARGET = 11.0;
				MTL_ENABLE_DEBUG_INFO = NO;
				SDKROOT = iphoneos;
				SWIFT_OPTIMIZATION_LEVEL = "-Owholemodule";
				SWIFT_VERSION = 3.0;
				VALIDATE_PRODUCT = YES;
			};
			name = Release;
		};
		A6883F881F465C3A00BF3ADE /* Debug */ = {
			isa = XCBuildConfiguration;
			buildSettings = {
				ASSETCATALOG_COMPILER_APPICON_NAME = AppIcon;
				INFOPLIST_FILE = PagedHorizontalCollectionViewExample/Info.plist;
				IPHONEOS_DEPLOYMENT_TARGET = 10.0;
				LD_RUNPATH_SEARCH_PATHS = "$(inherited) @executable_path/Frameworks";
				PRODUCT_BUNDLE_IDENTIFIER = com.aavens.PagedHorizontalCollectionViewExample;
				PRODUCT_NAME = "$(TARGET_NAME)";
				SWIFT_VERSION = 3.0;
				TARGETED_DEVICE_FAMILY = "1,2";
			};
			name = Debug;
		};
		A6883F891F465C3A00BF3ADE /* Release */ = {
			isa = XCBuildConfiguration;
			buildSettings = {
				ASSETCATALOG_COMPILER_APPICON_NAME = AppIcon;
				INFOPLIST_FILE = PagedHorizontalCollectionViewExample/Info.plist;
				IPHONEOS_DEPLOYMENT_TARGET = 10.0;
				LD_RUNPATH_SEARCH_PATHS = "$(inherited) @executable_path/Frameworks";
				PRODUCT_BUNDLE_IDENTIFIER = com.aavens.PagedHorizontalCollectionViewExample;
				PRODUCT_NAME = "$(TARGET_NAME)";
				SWIFT_VERSION = 3.0;
				TARGETED_DEVICE_FAMILY = "1,2";
			};
			name = Release;
		};
/* End XCBuildConfiguration section */

/* Begin XCConfigurationList section */
		A6883F701F465C3A00BF3ADE /* Build configuration list for PBXProject "PagedHorizontalCollectionViewExample" */ = {
			isa = XCConfigurationList;
			buildConfigurations = (
				A6883F851F465C3A00BF3ADE /* Debug */,
				A6883F861F465C3A00BF3ADE /* Release */,
			);
			defaultConfigurationIsVisible = 0;
			defaultConfigurationName = Release;
		};
		A6883F871F465C3A00BF3ADE /* Build configuration list for PBXNativeTarget "PagedHorizontalCollectionViewExample" */ = {
			isa = XCConfigurationList;
			buildConfigurations = (
				A6883F881F465C3A00BF3ADE /* Debug */,
				A6883F891F465C3A00BF3ADE /* Release */,
			);
			defaultConfigurationIsVisible = 0;
			defaultConfigurationName = Release;
		};
/* End XCConfigurationList section */
	};
	rootObject = A6883F6D1F465C3A00BF3ADE /* Project object */;
}
